
Microsoft Visual Studio Solution File, Format Version 12.00
# Visual Studio Version 17
VisualStudioVersion = 17.6.33815.320
MinimumVisualStudioVersion = 10.0.40219.1
Project("{9A19103F-16F7-4668-BE54-9A1E7A4F7556}") = "KingsUsers", "KingsUsers\KingsUsers.csproj", "{CAD1AA4E-B961-4E17-893F-6B9CF3B92E04}"
EndProject
Project("{9A19103F-16F7-4668-BE54-9A1E7A4F7556}") = "KingUsersTest", "KingUsersTest\KingUsersTest.csproj", "{5F5F6DDB-C4EA-4E4C-B2C5-64CF4123FBBF}"
EndProject
Project("{9A19103F-16F7-4668-BE54-9A1E7A4F7556}") = "KingUsersApp", "KingUsersApp\KingUsersApp.csproj", "{A7E1C6A7-76FF-4F75-A6C8-43215AC4F7F9}"
EndProject
Global
	GlobalSection(SolutionConfigurationPlatforms) = preSolution
		Debug|Any CPU = Debug|Any CPU
		Release|Any CPU = Release|Any CPU
	EndGlobalSection
	GlobalSection(ProjectConfigurationPlatforms) = postSolution
		{CAD1AA4E-B961-4E17-893F-6B9CF3B92E04}.Debug|Any CPU.ActiveCfg = Debug|Any CPU
		{CAD1AA4E-B961-4E17-893F-6B9CF3B92E04}.Debug|Any CPU.Build.0 = Debug|Any CPU
		{CAD1AA4E-B961-4E17-893F-6B9CF3B92E04}.Release|Any CPU.ActiveCfg = Release|Any CPU
		{CAD1AA4E-B961-4E17-893F-6B9CF3B92E04}.Release|Any CPU.Build.0 = Release|Any CPU
		{5F5F6DDB-C4EA-4E4C-B2C5-64CF4123FBBF}.Debug|Any CPU.ActiveCfg = Debug|Any CPU
		{5F5F6DDB-C4EA-4E4C-B2C5-64CF4123FBBF}.Debug|Any CPU.Build.0 = Debug|Any CPU
		{5F5F6DDB-C4EA-4E4C-B2C5-64CF4123FBBF}.Release|Any CPU.ActiveCfg = Release|Any CPU
		{5F5F6DDB-C4EA-4E4C-B2C5-64CF4123FBBF}.Release|Any CPU.Build.0 = Release|Any CPU
		{A7E1C6A7-76FF-4F75-A6C8-43215AC4F7F9}.Debug|Any CPU.ActiveCfg = Debug|Any CPU
		{A7E1C6A7-76FF-4F75-A6C8-43215AC4F7F9}.Debug|Any CPU.Build.0 = Debug|Any CPU
		{A7E1C6A7-76FF-4F75-A6C8-43215AC4F7F9}.Release|Any CPU.ActiveCfg = Release|Any CPU
		{A7E1C6A7-76FF-4F75-A6C8-43215AC4F7F9}.Release|Any CPU.Build.0 = Release|Any CPU
	EndGlobalSection
	GlobalSection(SolutionProperties) = preSolution
		HideSolutionNode = FALSE
	EndGlobalSection
	GlobalSection(ExtensibilityGlobals) = postSolution
		SolutionGuid = {1A455221-0CCD-4D68-92A9-ED78F799537B}
	EndGlobalSection
EndGlobal
